{
  "name": "node",
  "version": "1.0.0",
  "lockfileVersion": 2,
  "requires": true,
  "packages": {
    "": {
      "name": "node",
      "version": "1.0.0",
      "devDependencies": {
        "speclang": "file:../.."
      }
    },
    "../..": {
      "name": "speclang",
      "version": "0.1.1",
      "dev": true,
      "devDependencies": {
        "shx": "^0.3.4",
        "typescript": "^4.5.4",
        "vite": "^2.9.5"
      }
    },
    "../../../..": {
      "dev": true
    },
    "../../../../pkg": {
      "name": "speclang",
      "version": "0.1.0",
      "extraneous": true,
      "license": "GPL-3.0-or-later"
    },
    "node_modules/speclang": {
      "resolved": "../..",
      "link": true
    }
  },
  "dependencies": {
    "speclang": {
      "version": "file:../..",
      "requires": {
        "shx": "^0.3.4",
        "typescript": "^4.5.4",
        "vite": "^2.9.5"
      }
    }
  }
}
